{
  "name": "@cycjimmy/semantic-release-action",
  "version": "2.7.0",
  "lockfileVersion": 2,
  "requires": true,
  "packages": {
    "": {
      "name": "@cycjimmy/semantic-release-action",
      "version": "2.7.0",
      "license": "MIT",
      "dependencies": {
        "@actions/core": "^1.6.0",
        "@cycjimmy/awesome-js-funcs": "^3.1.0"
      }
    },
    "node_modules/@actions/core": {
      "version": "1.8.1",
      "resolved": "https://registry.npmjs.org/@actions/core/-/core-1.8.1.tgz",
      "integrity": "sha512-LuFg2O/+rRrYxrdafnqH9mx6ADszKzQAhDuEhhMQIh47tsXzWkW4wXY5zvscqJ4KDywyJX0LA0pAESPLUjZXvw==",
      "dependencies": {
        "@actions/http-client": "^2.0.0"
      }
    },
    "node_modules/@actions/http-client": {
      "version": "2.0.0",
      "resolved": "https://registry.npmjs.org/@actions/http-client/-/http-client-2.0.0.tgz",
      "integrity": "sha512-fm1+OPPey5ypgStT9K8zbBhICj4J4UV/TJIHDhuWlkb8KyJaAtjcZK184dTqul0dV0nPKX97FNtDXX20BTLXSA=="
    },
    "node_modules/@cycjimmy/awesome-js-funcs": {
      "version": "3.1.0",
      "resolved": "https://registry.npmjs.org/@cycjimmy/awesome-js-funcs/-/awesome-js-funcs-3.1.0.tgz",
      "integrity": "sha512-FT+V5fSZoPAdEAo34FJFy5+DfhdoQ+s6cOmghjAUQzluM7NlUkPKUSFy5fzJHVJD2dofy8v2k3IIfgUXNiG2yw=="
    }
  },
  "dependencies": {
    "@actions/core": {
      "version": "1.8.1",
      "resolved": "https://registry.npmjs.org/@actions/core/-/core-1.8.1.tgz",
      "integrity": "sha512-LuFg2O/+rRrYxrdafnqH9mx6ADszKzQAhDuEhhMQIh47tsXzWkW4wXY5zvscqJ4KDywyJX0LA0pAESPLUjZXvw==",
      "requires": {
        "@actions/http-client": "^2.0.0"
      }
    },
    "@actions/http-client": {
      "version": "2.0.0",
      "resolved": "https://registry.npmjs.org/@actions/http-client/-/http-client-2.0.0.tgz",
      "integrity": "sha512-fm1+OPPey5ypgStT9K8zbBhICj4J4UV/TJIHDhuWlkb8KyJaAtjcZK184dTqul0dV0nPKX97FNtDXX20BTLXSA=="
    },
    "@cycjimmy/awesome-js-funcs": {
      "version": "3.1.0",
      "resolved": "https://registry.npmjs.org/@cycjimmy/awesome-js-funcs/-/awesome-js-funcs-3.1.0.tgz",
      "integrity": "sha512-FT+V5fSZoPAdEAo34FJFy5+DfhdoQ+s6cOmghjAUQzluM7NlUkPKUSFy5fzJHVJD2dofy8v2k3IIfgUXNiG2yw=="
    }
  }
}
